
Microsoft Visual Studio Solution File, Format Version 12.00
Project("{FAE04EC0-301F-11D3-BF4B-00C04F79EFBC}") = "PipManager", "PipManager\PipManager.csproj", "{615C196E-0F11-4B56-9327-A57EB75798D9}"
EndProject
Global
	GlobalSection(SolutionConfigurationPlatforms) = preSolution
		Debug|Any CPU = Debug|Any CPU
		Release|Any CPU = Release|Any CPU
	EndGlobalSection
	GlobalSection(ProjectConfigurationPlatforms) = postSolution
		{615C196E-0F11-4B56-9327-A57EB75798D9}.Debug|Any CPU.ActiveCfg = Debug|Any CPU
		{615C196E-0F11-4B56-9327-A57EB75798D9}.Debug|Any CPU.Build.0 = Debug|Any CPU
		{615C196E-0F11-4B56-9327-A57EB75798D9}.Release|Any CPU.ActiveCfg = Release|Any CPU
		{615C196E-0F11-4B56-9327-A57EB75798D9}.Release|Any CPU.Build.0 = Release|Any CPU
	EndGlobalSection
EndGlobal
